
Microsoft Visual Studio Solution File, Format Version 12.00
# Visual Studio Version 16
VisualStudioVersion = 16.0.29709.97
MinimumVisualStudioVersion = 10.0.40219.1
Project("{FAE04EC0-301F-11D3-BF4B-00C04F79EFBC}") = "PreAccountancy", "PreAccountancy.csproj", "{45ED1268-F18C-464A-8DE6-0D8AC3AF49FE}"
EndProject
Global
	GlobalSection(SolutionConfigurationPlatforms) = preSolution
		Debug|Any CPU = Debug|Any CPU
		Release|Any CPU = Release|Any CPU
	EndGlobalSection
	GlobalSection(ProjectConfigurationPlatforms) = postSolution
		{45ED1268-F18C-464A-8DE6-0D8AC3AF49FE}.Debug|Any CPU.ActiveCfg = Debug|Any CPU
		{45ED1268-F18C-464A-8DE6-0D8AC3AF49FE}.Debug|Any CPU.Build.0 = Debug|Any CPU
		{45ED1268-F18C-464A-8DE6-0D8AC3AF49FE}.Release|Any CPU.ActiveCfg = Release|Any CPU
		{45ED1268-F18C-464A-8DE6-0D8AC3AF49FE}.Release|Any CPU.Build.0 = Release|Any CPU
	EndGlobalSection
	GlobalSection(SolutionProperties) = preSolution
		HideSolutionNode = FALSE
	EndGlobalSection
	GlobalSection(ExtensibilityGlobals) = postSolution
		SolutionGuid = {4D5ABE14-C367-4EAD-9AF3-7DE6A65AD643}
	EndGlobalSection
EndGlobal
